
Microsoft Visual Studio Solution File, Format Version 12.00
# Visual Studio Version 16
VisualStudioVersion = 16.0.28803.202
MinimumVisualStudioVersion = 10.0.40219.1
Project("{FAE04EC0-301F-11D3-BF4B-00C04F79EFBC}") = "BooksApi", "BooksApi\BooksApi.csproj", "{FCE0F2FD-285D-438F-BA00-4EED017D9B79}"
EndProject
Global
	GlobalSection(SolutionConfigurationPlatforms) = preSolution
		Debug|Any CPU = Debug|Any CPU
		Release|Any CPU = Release|Any CPU
	EndGlobalSection
	GlobalSection(ProjectConfigurationPlatforms) = postSolution
		{FCE0F2FD-285D-438F-BA00-4EED017D9B79}.Debug|Any CPU.ActiveCfg = Debug|Any CPU
		{FCE0F2FD-285D-438F-BA00-4EED017D9B79}.Debug|Any CPU.Build.0 = Debug|Any CPU
		{FCE0F2FD-285D-438F-BA00-4EED017D9B79}.Release|Any CPU.ActiveCfg = Release|Any CPU
		{FCE0F2FD-285D-438F-BA00-4EED017D9B79}.Release|Any CPU.Build.0 = Release|Any CPU
	EndGlobalSection
	GlobalSection(SolutionProperties) = preSolution
		HideSolutionNode = FALSE
	EndGlobalSection
	GlobalSection(ExtensibilityGlobals) = postSolution
		SolutionGuid = {0FA185DD-A221-4442-B54B-1EB87069D1D0}
	EndGlobalSection
EndGlobal
